{
    "requires": true,
    "lockfileVersion": 1,
    "dependencies": {
        "particles.js": {
            "version": "2.0.0",
            "resolved": "https://registry.npmjs.org/particles.js/-/particles.js-2.0.0.tgz",
            "integrity": "sha1-IThsQyjWx/lngKIB6W7t/AnHNvY="
        },
        "particlesjs": {
            "version": "2.2.3",
            "resolved": "https://registry.npmjs.org/particlesjs/-/particlesjs-2.2.3.tgz",
            "integrity": "sha512-f0rL80Agqdsrnv/uhlLewv+LMdiXHu9MYPzMv0ZLPM06nLx3zmAXMH882fxqO6Uzb91csli8WlWaYd2XPN0d/Q=="
        },
        "vue": {
            "version": "2.5.17",
            "resolved": "https://registry.npmjs.org/vue/-/vue-2.5.17.tgz",
            "integrity": "sha512-mFbcWoDIJi0w0Za4emyLiW72Jae0yjANHbCVquMKijcavBGypqlF7zHRgMa5k4sesdv7hv2rB4JPdZfR+TPfhQ=="
        },
        "x-particles": {
            "version": "1.0.9",
            "resolved": "https://registry.npmjs.org/x-particles/-/x-particles-1.0.9.tgz",
            "integrity": "sha512-insDBKSkcjVb1q5V3fQns7eBcwXzI8t95eMQ7Dp0ubtRJjEmBb6H3DflXlXC5hXhiLt0ZcVxUrkjkCVz8MGyTw==",
            "requires": {
                "particles.js": "^2.0.0",
                "vue": "^2.2.6"
            }
        }
    }
}
